
Microsoft Visual Studio Solution File, Format Version 12.00
# Visual Studio Version 16
VisualStudioVersion = 16.0.31005.135
MinimumVisualStudioVersion = 15.0.26124.0
Project("{9A19103F-16F7-4668-BE54-9A1E7A4F7556}") = "WeatherApi", "WeatherApi\WeatherApi.csproj", "{B44B2154-29E1-432A-BE88-51B11A483B68}"
EndProject
Project("{9A19103F-16F7-4668-BE54-9A1E7A4F7556}") = "IdentityServer", "IdentityServer\IdentityServer.csproj", "{722ECAC4-6F20-4E6D-A7C9-F6C6207D5987}"
EndProject
Project("{9A19103F-16F7-4668-BE54-9A1E7A4F7556}") = "DummyApi", "DummyApi\DummyApi.csproj", "{479AD2FE-4920-4C6A-A5A6-587F64E61012}"
EndProject
Project("{FAE04EC0-301F-11D3-BF4B-00C04F79EFBC}") = "Client", "Client\Client.csproj", "{9D6B9AFD-784C-429E-8748-AA6F1EB1A12E}"
EndProject
Global
	GlobalSection(SolutionConfigurationPlatforms) = preSolution
		Debug|Any CPU = Debug|Any CPU
		Debug|x64 = Debug|x64
		Debug|x86 = Debug|x86
		Release|Any CPU = Release|Any CPU
		Release|x64 = Release|x64
		Release|x86 = Release|x86
	EndGlobalSection
	GlobalSection(ProjectConfigurationPlatforms) = postSolution
		{B44B2154-29E1-432A-BE88-51B11A483B68}.Debug|Any CPU.ActiveCfg = Debug|Any CPU
		{B44B2154-29E1-432A-BE88-51B11A483B68}.Debug|Any CPU.Build.0 = Debug|Any CPU
		{B44B2154-29E1-432A-BE88-51B11A483B68}.Debug|x64.ActiveCfg = Debug|Any CPU
		{B44B2154-29E1-432A-BE88-51B11A483B68}.Debug|x64.Build.0 = Debug|Any CPU
		{B44B2154-29E1-432A-BE88-51B11A483B68}.Debug|x86.ActiveCfg = Debug|Any CPU
		{B44B2154-29E1-432A-BE88-51B11A483B68}.Debug|x86.Build.0 = Debug|Any CPU
		{B44B2154-29E1-432A-BE88-51B11A483B68}.Release|Any CPU.ActiveCfg = Release|Any CPU
		{B44B2154-29E1-432A-BE88-51B11A483B68}.Release|Any CPU.Build.0 = Release|Any CPU
		{B44B2154-29E1-432A-BE88-51B11A483B68}.Release|x64.ActiveCfg = Release|Any CPU
		{B44B2154-29E1-432A-BE88-51B11A483B68}.Release|x64.Build.0 = Release|Any CPU
		{B44B2154-29E1-432A-BE88-51B11A483B68}.Release|x86.ActiveCfg = Release|Any CPU
		{B44B2154-29E1-432A-BE88-51B11A483B68}.Release|x86.Build.0 = Release|Any CPU
		{722ECAC4-6F20-4E6D-A7C9-F6C6207D5987}.Debug|Any CPU.ActiveCfg = Debug|Any CPU
		{722ECAC4-6F20-4E6D-A7C9-F6C6207D5987}.Debug|Any CPU.Build.0 = Debug|Any CPU
		{722ECAC4-6F20-4E6D-A7C9-F6C6207D5987}.Debug|x64.ActiveCfg = Debug|Any CPU
		{722ECAC4-6F20-4E6D-A7C9-F6C6207D5987}.Debug|x64.Build.0 = Debug|Any CPU
		{722ECAC4-6F20-4E6D-A7C9-F6C6207D5987}.Debug|x86.ActiveCfg = Debug|Any CPU
		{722ECAC4-6F20-4E6D-A7C9-F6C6207D5987}.Debug|x86.Build.0 = Debug|Any CPU
		{722ECAC4-6F20-4E6D-A7C9-F6C6207D5987}.Release|Any CPU.ActiveCfg = Release|Any CPU
		{722ECAC4-6F20-4E6D-A7C9-F6C6207D5987}.Release|Any CPU.Build.0 = Release|Any CPU
		{722ECAC4-6F20-4E6D-A7C9-F6C6207D5987}.Release|x64.ActiveCfg = Release|Any CPU
		{722ECAC4-6F20-4E6D-A7C9-F6C6207D5987}.Release|x64.Build.0 = Release|Any CPU
		{722ECAC4-6F20-4E6D-A7C9-F6C6207D5987}.Release|x86.ActiveCfg = Release|Any CPU
		{722ECAC4-6F20-4E6D-A7C9-F6C6207D5987}.Release|x86.Build.0 = Release|Any CPU
		{479AD2FE-4920-4C6A-A5A6-587F64E61012}.Debug|Any CPU.ActiveCfg = Debug|Any CPU
		{479AD2FE-4920-4C6A-A5A6-587F64E61012}.Debug|Any CPU.Build.0 = Debug|Any CPU
		{479AD2FE-4920-4C6A-A5A6-587F64E61012}.Debug|x64.ActiveCfg = Debug|Any CPU
		{479AD2FE-4920-4C6A-A5A6-587F64E61012}.Debug|x64.Build.0 = Debug|Any CPU
		{479AD2FE-4920-4C6A-A5A6-587F64E61012}.Debug|x86.ActiveCfg = Debug|Any CPU
		{479AD2FE-4920-4C6A-A5A6-587F64E61012}.Debug|x86.Build.0 = Debug|Any CPU
		{479AD2FE-4920-4C6A-A5A6-587F64E61012}.Release|Any CPU.ActiveCfg = Release|Any CPU
		{479AD2FE-4920-4C6A-A5A6-587F64E61012}.Release|Any CPU.Build.0 = Release|Any CPU
		{479AD2FE-4920-4C6A-A5A6-587F64E61012}.Release|x64.ActiveCfg = Release|Any CPU
		{479AD2FE-4920-4C6A-A5A6-587F64E61012}.Release|x64.Build.0 = Release|Any CPU
		{479AD2FE-4920-4C6A-A5A6-587F64E61012}.Release|x86.ActiveCfg = Release|Any CPU
		{479AD2FE-4920-4C6A-A5A6-587F64E61012}.Release|x86.Build.0 = Release|Any CPU
		{9D6B9AFD-784C-429E-8748-AA6F1EB1A12E}.Debug|Any CPU.ActiveCfg = Debug|Any CPU
		{9D6B9AFD-784C-429E-8748-AA6F1EB1A12E}.Debug|Any CPU.Build.0 = Debug|Any CPU
		{9D6B9AFD-784C-429E-8748-AA6F1EB1A12E}.Debug|x64.ActiveCfg = Debug|Any CPU
		{9D6B9AFD-784C-429E-8748-AA6F1EB1A12E}.Debug|x64.Build.0 = Debug|Any CPU
		{9D6B9AFD-784C-429E-8748-AA6F1EB1A12E}.Debug|x86.ActiveCfg = Debug|Any CPU
		{9D6B9AFD-784C-429E-8748-AA6F1EB1A12E}.Debug|x86.Build.0 = Debug|Any CPU
		{9D6B9AFD-784C-429E-8748-AA6F1EB1A12E}.Release|Any CPU.ActiveCfg = Release|Any CPU
		{9D6B9AFD-784C-429E-8748-AA6F1EB1A12E}.Release|Any CPU.Build.0 = Release|Any CPU
		{9D6B9AFD-784C-429E-8748-AA6F1EB1A12E}.Release|x64.ActiveCfg = Release|Any CPU
		{9D6B9AFD-784C-429E-8748-AA6F1EB1A12E}.Release|x64.Build.0 = Release|Any CPU
		{9D6B9AFD-784C-429E-8748-AA6F1EB1A12E}.Release|x86.ActiveCfg = Release|Any CPU
		{9D6B9AFD-784C-429E-8748-AA6F1EB1A12E}.Release|x86.Build.0 = Release|Any CPU
	EndGlobalSection
	GlobalSection(SolutionProperties) = preSolution
		HideSolutionNode = FALSE
	EndGlobalSection
	GlobalSection(ExtensibilityGlobals) = postSolution
		SolutionGuid = {F0DFD180-BB7C-4458-BA46-CF02E349DC40}
	EndGlobalSection
EndGlobal
